
Microsoft Visual Studio Solution File, Format Version 12.00
# Visual Studio Version 17
VisualStudioVersion = 17.11.35327.3
MinimumVisualStudioVersion = 10.0.40219.1
Project("{9A19103F-16F7-4668-BE54-9A1E7A4F7556}") = "LogCentralManageTool", "LogCentralManageTool\LogCentralManageTool.csproj", "{C92FC1FE-AA1E-4095-AD05-6A47E9049C7C}"
EndProject
Project("{FAE04EC0-301F-11D3-BF4B-00C04F79EFBC}") = "LogCentralManageTool.Tests", "LogCentralManageTool.Tests\LogCentralManageTool.Tests.csproj", "{EC74D827-B682-436A-B61F-071B5B968DA6}"
EndProject
Global
	GlobalSection(SolutionConfigurationPlatforms) = preSolution
		Debug|Any CPU = Debug|Any CPU
		Release|Any CPU = Release|Any CPU
	EndGlobalSection
	GlobalSection(ProjectConfigurationPlatforms) = postSolution
		{C92FC1FE-AA1E-4095-AD05-6A47E9049C7C}.Debug|Any CPU.ActiveCfg = Debug|Any CPU
		{C92FC1FE-AA1E-4095-AD05-6A47E9049C7C}.Debug|Any CPU.Build.0 = Debug|Any CPU
		{C92FC1FE-AA1E-4095-AD05-6A47E9049C7C}.Release|Any CPU.ActiveCfg = Release|Any CPU
		{C92FC1FE-AA1E-4095-AD05-6A47E9049C7C}.Release|Any CPU.Build.0 = Release|Any CPU
		{EC74D827-B682-436A-B61F-071B5B968DA6}.Debug|Any CPU.ActiveCfg = Debug|Any CPU
		{EC74D827-B682-436A-B61F-071B5B968DA6}.Debug|Any CPU.Build.0 = Debug|Any CPU
		{EC74D827-B682-436A-B61F-071B5B968DA6}.Release|Any CPU.ActiveCfg = Release|Any CPU
		{EC74D827-B682-436A-B61F-071B5B968DA6}.Release|Any CPU.Build.0 = Release|Any CPU
	EndGlobalSection
	GlobalSection(SolutionProperties) = preSolution
		HideSolutionNode = FALSE
	EndGlobalSection
	GlobalSection(ExtensibilityGlobals) = postSolution
		SolutionGuid = {DDC27022-E41E-4371-9540-D11B02726E9A}
	EndGlobalSection
EndGlobal
